// !$*UTF8*$!
{
	archiveVersion = 1;
	classes = {
	};
	objectVersion = 46;
	objects = {

/* Begin PBXBuildFile section */
		8E1391161F687BB400A16458 /* AppDelegate.swift in Sources */ = {isa = PBXBuildFile; fileRef = 8E1391151F687BB400A16458 /* AppDelegate.swift */; };
		8E13911B1F687BB400A16458 /* Main.storyboard in Resources */ = {isa = PBXBuildFile; fileRef = 8E1391191F687BB400A16458 /* Main.storyboard */; };
		8E13911D1F687BB400A16458 /* Assets.xcassets in Resources */ = {isa = PBXBuildFile; fileRef = 8E13911C1F687BB400A16458 /* Assets.xcassets */; };
		8E1391201F687BB400A16458 /* LaunchScreen.storyboard in Resources */ = {isa = PBXBuildFile; fileRef = 8E13911E1F687BB400A16458 /* LaunchScreen.storyboard */; };
		8E1391281F687BC400A16458 /* BluetoothSerial.swift in Sources */ = {isa = PBXBuildFile; fileRef = 8E1391271F687BC400A16458 /* BluetoothSerial.swift */; };
		8E13912A1F687DB800A16458 /* ScannerViewController.swift in Sources */ = {isa = PBXBuildFile; fileRef = 8E1391291F687DB800A16458 /* ScannerViewController.swift */; };
		8E13912C1F687DEE00A16458 /* InitialViewController.swift in Sources */ = {isa = PBXBuildFile; fileRef = 8E13912B1F687DEE00A16458 /* InitialViewController.swift */; };
		8E3D825A1F82CCBE00D4C699 /* CleaningTiresViewController.swift in Sources */ = {isa = PBXBuildFile; fileRef = 8E3D82591F82CCBE00D4C699 /* CleaningTiresViewController.swift */; };
		8E3D825E1F82D6E800D4C699 /* MainViewController.swift in Sources */ = {isa = PBXBuildFile; fileRef = 8E3D825D1F82D6E800D4C699 /* MainViewController.swift */; };
		8E3D82601F8671BF00D4C699 /* JoystickView.swift in Sources */ = {isa = PBXBuildFile; fileRef = 8E3D825F1F8671BF00D4C699 /* JoystickView.swift */; };
		8E3D82621F86780E00D4C699 /* JoystickViewController.swift in Sources */ = {isa = PBXBuildFile; fileRef = 8E3D82611F86780E00D4C699 /* JoystickViewController.swift */; };
		8E3D82641F869D8C00D4C699 /* CoreGraphics+Additions.swift in Sources */ = {isa = PBXBuildFile; fileRef = 8E3D82631F869D8C00D4C699 /* CoreGraphics+Additions.swift */; };
		8E3D827E1F8A33B000D4C699 /* GyroscopeViewController.swift in Sources */ = {isa = PBXBuildFile; fileRef = 8E3D827D1F8A33B000D4C699 /* GyroscopeViewController.swift */; };
		8E3DC5DA1F8FDAD2008FF61B /* AlgorithmViewController.swift in Sources */ = {isa = PBXBuildFile; fileRef = 8E3DC5D91F8FDAD2008FF61B /* AlgorithmViewController.swift */; };
		8E3DC5DC1F8FE41C008FF61B /* AlgorithmView.swift in Sources */ = {isa = PBXBuildFile; fileRef = 8E3DC5DB1F8FE41C008FF61B /* AlgorithmView.swift */; };
		8E3DC5E21F920DE1008FF61B /* Algorithm.swift in Sources */ = {isa = PBXBuildFile; fileRef = 8E3DC5E11F920DE1008FF61B /* Algorithm.swift */; };
		8E3DC5E41F921BAF008FF61B /* AlgorithmView.xib in Resources */ = {isa = PBXBuildFile; fileRef = 8E3DC5E31F921BAF008FF61B /* AlgorithmView.xib */; };
		8E7A76121F77FEDC009D9364 /* CheckMotorsViewController.swift in Sources */ = {isa = PBXBuildFile; fileRef = 8E7A76111F77FEDC009D9364 /* CheckMotorsViewController.swift */; };
		8E8EEA061F76E1130088E573 /* CheckSensorsViewController.swift in Sources */ = {isa = PBXBuildFile; fileRef = 8E8EEA051F76E1130088E573 /* CheckSensorsViewController.swift */; };
/* End PBXBuildFile section */

/* Begin PBXFileReference section */
		8E1391121F687BB400A16458 /* MinisumoApp.app */ = {isa = PBXFileReference; explicitFileType = wrapper.application; includeInIndex = 0; path = MinisumoApp.app; sourceTree = BUILT_PRODUCTS_DIR; };
		8E1391151F687BB400A16458 /* AppDelegate.swift */ = {isa = PBXFileReference; lastKnownFileType = sourcecode.swift; path = AppDelegate.swift; sourceTree = "<group>"; };
		8E13911A1F687BB400A16458 /* Base */ = {isa = PBXFileReference; lastKnownFileType = file.storyboard; name = Base; path = Base.lproj/Main.storyboard; sourceTree = "<group>"; };
		8E13911C1F687BB400A16458 /* Assets.xcassets */ = {isa = PBXFileReference; lastKnownFileType = folder.assetcatalog; path = Assets.xcassets; sourceTree = "<group>"; };
		8E13911F1F687BB400A16458 /* Base */ = {isa = PBXFileReference; lastKnownFileType = file.storyboard; name = Base; path = Base.lproj/LaunchScreen.storyboard; sourceTree = "<group>"; };
		8E1391211F687BB400A16458 /* Info.plist */ = {isa = PBXFileReference; lastKnownFileType = text.plist.xml; path = Info.plist; sourceTree = "<group>"; };
		8E1391271F687BC400A16458 /* BluetoothSerial.swift */ = {isa = PBXFileReference; fileEncoding = 4; indentWidth = 2; lastKnownFileType = sourcecode.swift; path = BluetoothSerial.swift; sourceTree = "<group>"; tabWidth = 2; };
		8E1391291F687DB800A16458 /* ScannerViewController.swift */ = {isa = PBXFileReference; fileEncoding = 4; indentWidth = 2; lastKnownFileType = sourcecode.swift; path = ScannerViewController.swift; sourceTree = "<group>"; tabWidth = 2; };
		8E13912B1F687DEE00A16458 /* InitialViewController.swift */ = {isa = PBXFileReference; fileEncoding = 4; indentWidth = 2; lastKnownFileType = sourcecode.swift; path = InitialViewController.swift; sourceTree = "<group>"; tabWidth = 2; };
		8E3D82591F82CCBE00D4C699 /* CleaningTiresViewController.swift */ = {isa = PBXFileReference; fileEncoding = 4; lastKnownFileType = sourcecode.swift; path = CleaningTiresViewController.swift; sourceTree = "<group>"; };
		8E3D825D1F82D6E800D4C699 /* MainViewController.swift */ = {isa = PBXFileReference; fileEncoding = 4; lastKnownFileType = sourcecode.swift; path = MainViewController.swift; sourceTree = "<group>"; };
		8E3D825F1F8671BF00D4C699 /* JoystickView.swift */ = {isa = PBXFileReference; fileEncoding = 4; lastKnownFileType = sourcecode.swift; path = JoystickView.swift; sourceTree = "<group>"; };
		8E3D82611F86780E00D4C699 /* JoystickViewController.swift */ = {isa = PBXFileReference; fileEncoding = 4; lastKnownFileType = sourcecode.swift; path = JoystickViewController.swift; sourceTree = "<group>"; };
		8E3D82631F869D8C00D4C699 /* CoreGraphics+Additions.swift */ = {isa = PBXFileReference; fileEncoding = 4; lastKnownFileType = sourcecode.swift; path = "CoreGraphics+Additions.swift"; sourceTree = "<group>"; };
		8E3D827D1F8A33B000D4C699 /* GyroscopeViewController.swift */ = {isa = PBXFileReference; fileEncoding = 4; lastKnownFileType = sourcecode.swift; path = GyroscopeViewController.swift; sourceTree = "<group>"; };
		8E3DC5D91F8FDAD2008FF61B /* AlgorithmViewController.swift */ = {isa = PBXFileReference; fileEncoding = 4; lastKnownFileType = sourcecode.swift; path = AlgorithmViewController.swift; sourceTree = "<group>"; };
		8E3DC5DB1F8FE41C008FF61B /* AlgorithmView.swift */ = {isa = PBXFileReference; fileEncoding = 4; lastKnownFileType = sourcecode.swift; path = AlgorithmView.swift; sourceTree = "<group>"; };
		8E3DC5E11F920DE1008FF61B /* Algorithm.swift */ = {isa = PBXFileReference; fileEncoding = 4; lastKnownFileType = sourcecode.swift; path = Algorithm.swift; sourceTree = "<group>"; };
		8E3DC5E31F921BAF008FF61B /* AlgorithmView.xib */ = {isa = PBXFileReference; fileEncoding = 4; lastKnownFileType = file.xib; path = AlgorithmView.xib; sourceTree = "<group>"; };
		8E7A76111F77FEDC009D9364 /* CheckMotorsViewController.swift */ = {isa = PBXFileReference; fileEncoding = 4; lastKnownFileType = sourcecode.swift; path = CheckMotorsViewController.swift; sourceTree = "<group>"; };
		8E8EEA051F76E1130088E573 /* CheckSensorsViewController.swift */ = {isa = PBXFileReference; fileEncoding = 4; lastKnownFileType = sourcecode.swift; path = CheckSensorsViewController.swift; sourceTree = "<group>"; };
/* End PBXFileReference section */

/* Begin PBXFrameworksBuildPhase section */
		8E13910F1F687BB400A16458 /* Frameworks */ = {
			isa = PBXFrameworksBuildPhase;
			buildActionMask = 2147483647;
			files = (
			);
			runOnlyForDeploymentPostprocessing = 0;
		};
/* End PBXFrameworksBuildPhase section */

/* Begin PBXGroup section */
		8E1391091F687BB400A16458 = {
			isa = PBXGroup;
			children = (
				8E1391141F687BB400A16458 /* MinisumoApp */,
				8E1391131F687BB400A16458 /* Products */,
			);
			indentWidth = 2;
			sourceTree = "<group>";
			tabWidth = 2;
		};
		8E1391131F687BB400A16458 /* Products */ = {
			isa = PBXGroup;
			children = (
				8E1391121F687BB400A16458 /* MinisumoApp.app */,
			);
			name = Products;
			sourceTree = "<group>";
		};
		8E1391141F687BB400A16458 /* MinisumoApp */ = {
			isa = PBXGroup;
			children = (
				8E1391151F687BB400A16458 /* AppDelegate.swift */,
				8E1391191F687BB400A16458 /* Main.storyboard */,
				8E13911C1F687BB400A16458 /* Assets.xcassets */,
				8E13911E1F687BB400A16458 /* LaunchScreen.storyboard */,
				8E1391211F687BB400A16458 /* Info.plist */,
				8E1391271F687BC400A16458 /* BluetoothSerial.swift */,
				8E1391291F687DB800A16458 /* ScannerViewController.swift */,
				8E13912B1F687DEE00A16458 /* InitialViewController.swift */,
				8E8EEA051F76E1130088E573 /* CheckSensorsViewController.swift */,
				8E7A76111F77FEDC009D9364 /* CheckMotorsViewController.swift */,
				8E3D82591F82CCBE00D4C699 /* CleaningTiresViewController.swift */,
				8E3D825D1F82D6E800D4C699 /* MainViewController.swift */,
				8E3D825F1F8671BF00D4C699 /* JoystickView.swift */,
				8E3D82611F86780E00D4C699 /* JoystickViewController.swift */,
				8E3D82631F869D8C00D4C699 /* CoreGraphics+Additions.swift */,
				8E3D827D1F8A33B000D4C699 /* GyroscopeViewController.swift */,
				8E3DC5D91F8FDAD2008FF61B /* AlgorithmViewController.swift */,
				8E3DC5DB1F8FE41C008FF61B /* AlgorithmView.swift */,
				8E3DC5E11F920DE1008FF61B /* Algorithm.swift */,
				8E3DC5E31F921BAF008FF61B /* AlgorithmView.xib */,
			);
			path = MinisumoApp;
			sourceTree = "<group>";
		};
/* End PBXGroup section */

/* Begin PBXNativeTarget section */
		8E1391111F687BB400A16458 /* MinisumoApp */ = {
			isa = PBXNativeTarget;
			buildConfigurationList = 8E1391241F687BB400A16458 /* Build configuration list for PBXNativeTarget "MinisumoApp" */;
			buildPhases = (
				8E13910E1F687BB400A16458 /* Sources */,
				8E13910F1F687BB400A16458 /* Frameworks */,
				8E1391101F687BB400A16458 /* Resources */,
			);
			buildRules = (
			);
			dependencies = (
			);
			name = MinisumoApp;
			productName = MinisumoApp;
			productReference = 8E1391121F687BB400A16458 /* MinisumoApp.app */;
			productType = "com.apple.product-type.application";
		};
/* End PBXNativeTarget section */

/* Begin PBXProject section */
		8E13910A1F687BB400A16458 /* Project object */ = {
			isa = PBXProject;
			attributes = {
				LastSwiftUpdateCheck = 0820;
				LastUpgradeCheck = 0820;
				ORGANIZATIONNAME = "Lukasz Milaszewski";
				TargetAttributes = {
					8E1391111F687BB400A16458 = {
						CreatedOnToolsVersion = 8.2.1;
						DevelopmentTeam = VAAW96P2HT;
						ProvisioningStyle = Automatic;
					};
				};
			};
			buildConfigurationList = 8E13910D1F687BB400A16458 /* Build configuration list for PBXProject "MinisumoApp" */;
			compatibilityVersion = "Xcode 3.2";
			developmentRegion = English;
			hasScannedForEncodings = 0;
			knownRegions = (
				en,
				Base,
			);
			mainGroup = 8E1391091F687BB400A16458;
			productRefGroup = 8E1391131F687BB400A16458 /* Products */;
			projectDirPath = "";
			projectRoot = "";
			targets = (
				8E1391111F687BB400A16458 /* MinisumoApp */,
			);
		};
/* End PBXProject section */

/* Begin PBXResourcesBuildPhase section */
		8E1391101F687BB400A16458 /* Resources */ = {
			isa = PBXResourcesBuildPhase;
			buildActionMask = 2147483647;
			files = (
				8E3DC5E41F921BAF008FF61B /* AlgorithmView.xib in Resources */,
				8E1391201F687BB400A16458 /* LaunchScreen.storyboard in Resources */,
				8E13911D1F687BB400A16458 /* Assets.xcassets in Resources */,
				8E13911B1F687BB400A16458 /* Main.storyboard in Resources */,
			);
			runOnlyForDeploymentPostprocessing = 0;
		};
/* End PBXResourcesBuildPhase section */

/* Begin PBXSourcesBuildPhase section */
		8E13910E1F687BB400A16458 /* Sources */ = {
			isa = PBXSourcesBuildPhase;
			buildActionMask = 2147483647;
			files = (
				8E3D82641F869D8C00D4C699 /* CoreGraphics+Additions.swift in Sources */,
				8E3D825A1F82CCBE00D4C699 /* CleaningTiresViewController.swift in Sources */,
				8E1391161F687BB400A16458 /* AppDelegate.swift in Sources */,
				8E3D82601F8671BF00D4C699 /* JoystickView.swift in Sources */,
				8E3DC5E21F920DE1008FF61B /* Algorithm.swift in Sources */,
				8E7A76121F77FEDC009D9364 /* CheckMotorsViewController.swift in Sources */,
				8E3D82621F86780E00D4C699 /* JoystickViewController.swift in Sources */,
				8E3DC5DA1F8FDAD2008FF61B /* AlgorithmViewController.swift in Sources */,
				8E3DC5DC1F8FE41C008FF61B /* AlgorithmView.swift in Sources */,
				8E3D827E1F8A33B000D4C699 /* GyroscopeViewController.swift in Sources */,
				8E8EEA061F76E1130088E573 /* CheckSensorsViewController.swift in Sources */,
				8E1391281F687BC400A16458 /* BluetoothSerial.swift in Sources */,
				8E13912A1F687DB800A16458 /* ScannerViewController.swift in Sources */,
				8E13912C1F687DEE00A16458 /* InitialViewController.swift in Sources */,
				8E3D825E1F82D6E800D4C699 /* MainViewController.swift in Sources */,
			);
			runOnlyForDeploymentPostprocessing = 0;
		};
/* End PBXSourcesBuildPhase section */

/* Begin PBXVariantGroup section */
		8E1391191F687BB400A16458 /* Main.storyboard */ = {
			isa = PBXVariantGroup;
			children = (
				8E13911A1F687BB400A16458 /* Base */,
			);
			name = Main.storyboard;
			sourceTree = "<group>";
		};
		8E13911E1F687BB400A16458 /* LaunchScreen.storyboard */ = {
			isa = PBXVariantGroup;
			children = (
				8E13911F1F687BB400A16458 /* Base */,
			);
			name = LaunchScreen.storyboard;
			sourceTree = "<group>";
		};
/* End PBXVariantGroup section */

/* Begin XCBuildConfiguration section */
		8E1391221F687BB400A16458 /* Debug */ = {
			isa = XCBuildConfiguration;
			buildSettings = {
				ALWAYS_SEARCH_USER_PATHS = NO;
				CLANG_ANALYZER_NONNULL = YES;
				CLANG_CXX_LANGUAGE_STANDARD = "gnu++0x";
				CLANG_CXX_LIBRARY = "libc++";
				CLANG_ENABLE_MODULES = YES;
				CLANG_ENABLE_OBJC_ARC = YES;
				CLANG_WARN_BOOL_CONVERSION = YES;
				CLANG_WARN_CONSTANT_CONVERSION = YES;
				CLANG_WARN_DIRECT_OBJC_ISA_USAGE = YES_ERROR;
				CLANG_WARN_DOCUMENTATION_COMMENTS = YES;
				CLANG_WARN_EMPTY_BODY = YES;
				CLANG_WARN_ENUM_CONVERSION = YES;
				CLANG_WARN_INFINITE_RECURSION = YES;
				CLANG_WARN_INT_CONVERSION = YES;
				CLANG_WARN_OBJC_ROOT_CLASS = YES_ERROR;
				CLANG_WARN_SUSPICIOUS_MOVE = YES;
				CLANG_WARN_UNREACHABLE_CODE = YES;
				CLANG_WARN__DUPLICATE_METHOD_MATCH = YES;
				"CODE_SIGN_IDENTITY[sdk=iphoneos*]" = "iPhone Developer";
				COPY_PHASE_STRIP = NO;
				DEBUG_INFORMATION_FORMAT = dwarf;
				ENABLE_STRICT_OBJC_MSGSEND = YES;
				ENABLE_TESTABILITY = YES;
				GCC_C_LANGUAGE_STANDARD = gnu99;
				GCC_DYNAMIC_NO_PIC = NO;
				GCC_NO_COMMON_BLOCKS = YES;
				GCC_OPTIMIZATION_LEVEL = 0;
				GCC_PREPROCESSOR_DEFINITIONS = (
					"DEBUG=1",
					"$(inherited)",
				);
				GCC_WARN_64_TO_32_BIT_CONVERSION = YES;
				GCC_WARN_ABOUT_RETURN_TYPE = YES_ERROR;
				GCC_WARN_UNDECLARED_SELECTOR = YES;
				GCC_WARN_UNINITIALIZED_AUTOS = YES_AGGRESSIVE;
				GCC_WARN_UNUSED_FUNCTION = YES;
				GCC_WARN_UNUSED_VARIABLE = YES;
				IPHONEOS_DEPLOYMENT_TARGET = 10.2;
				MTL_ENABLE_DEBUG_INFO = YES;
				ONLY_ACTIVE_ARCH = YES;
				SDKROOT = iphoneos;
				SWIFT_ACTIVE_COMPILATION_CONDITIONS = DEBUG;
				SWIFT_OPTIMIZATION_LEVEL = "-Onone";
			};
			name = Debug;
		};
		8E1391231F687BB400A16458 /* Release */ = {
			isa = XCBuildConfiguration;
			buildSettings = {
				ALWAYS_SEARCH_USER_PATHS = NO;
				CLANG_ANALYZER_NONNULL = YES;
				CLANG_CXX_LANGUAGE_STANDARD = "gnu++0x";
				CLANG_CXX_LIBRARY = "libc++";
				CLANG_ENABLE_MODULES = YES;
				CLANG_ENABLE_OBJC_ARC = YES;
				CLANG_WARN_BOOL_CONVERSION = YES;
				CLANG_WARN_CONSTANT_CONVERSION = YES;
				CLANG_WARN_DIRECT_OBJC_ISA_USAGE = YES_ERROR;
				CLANG_WARN_DOCUMENTATION_COMMENTS = YES;
				CLANG_WARN_EMPTY_BODY = YES;
				CLANG_WARN_ENUM_CONVERSION = YES;
				CLANG_WARN_INFINITE_RECURSION = YES;
				CLANG_WARN_INT_CONVERSION = YES;
				CLANG_WARN_OBJC_ROOT_CLASS = YES_ERROR;
				CLANG_WARN_SUSPICIOUS_MOVE = YES;
				CLANG_WARN_UNREACHABLE_CODE = YES;
				CLANG_WARN__DUPLICATE_METHOD_MATCH = YES;
				"CODE_SIGN_IDENTITY[sdk=iphoneos*]" = "iPhone Developer";
				COPY_PHASE_STRIP = NO;
				DEBUG_INFORMATION_FORMAT = "dwarf-with-dsym";
				ENABLE_NS_ASSERTIONS = NO;
				ENABLE_STRICT_OBJC_MSGSEND = YES;
				GCC_C_LANGUAGE_STANDARD = gnu99;
				GCC_NO_COMMON_BLOCKS = YES;
				GCC_WARN_64_TO_32_BIT_CONVERSION = YES;
				GCC_WARN_ABOUT_RETURN_TYPE = YES_ERROR;
				GCC_WARN_UNDECLARED_SELECTOR = YES;
				GCC_WARN_UNINITIALIZED_AUTOS = YES_AGGRESSIVE;
				GCC_WARN_UNUSED_FUNCTION = YES;
				GCC_WARN_UNUSED_VARIABLE = YES;
				IPHONEOS_DEPLOYMENT_TARGET = 10.2;
				MTL_ENABLE_DEBUG_INFO = NO;
				SDKROOT = iphoneos;
				SWIFT_OPTIMIZATION_LEVEL = "-Owholemodule";
				VALIDATE_PRODUCT = YES;
			};
			name = Release;
		};
		8E1391251F687BB400A16458 /* Debug */ = {
			isa = XCBuildConfiguration;
			buildSettings = {
				ASSETCATALOG_COMPILER_APPICON_NAME = AppIcon;
				DEVELOPMENT_TEAM = VAAW96P2HT;
				INFOPLIST_FILE = MinisumoApp/Info.plist;
				IPHONEOS_DEPLOYMENT_TARGET = 10.2;
				LD_RUNPATH_SEARCH_PATHS = "$(inherited) @executable_path/Frameworks";
				PRODUCT_BUNDLE_IDENTIFIER = lukaszm.MinisumoApp;
				PRODUCT_NAME = "$(TARGET_NAME)";
				SWIFT_VERSION = 3.0;
			};
			name = Debug;
		};
		8E1391261F687BB400A16458 /* Release */ = {
			isa = XCBuildConfiguration;
			buildSettings = {
				ASSETCATALOG_COMPILER_APPICON_NAME = AppIcon;
				DEVELOPMENT_TEAM = VAAW96P2HT;
				INFOPLIST_FILE = MinisumoApp/Info.plist;
				IPHONEOS_DEPLOYMENT_TARGET = 10.2;
				LD_RUNPATH_SEARCH_PATHS = "$(inherited) @executable_path/Frameworks";
				PRODUCT_BUNDLE_IDENTIFIER = lukaszm.MinisumoApp;
				PRODUCT_NAME = "$(TARGET_NAME)";
				SWIFT_VERSION = 3.0;
			};
			name = Release;
		};
/* End XCBuildConfiguration section */

/* Begin XCConfigurationList section */
		8E13910D1F687BB400A16458 /* Build configuration list for PBXProject "MinisumoApp" */ = {
			isa = XCConfigurationList;
			buildConfigurations = (
				8E1391221F687BB400A16458 /* Debug */,
				8E1391231F687BB400A16458 /* Release */,
			);
			defaultConfigurationIsVisible = 0;
			defaultConfigurationName = Release;
		};
		8E1391241F687BB400A16458 /* Build configuration list for PBXNativeTarget "MinisumoApp" */ = {
			isa = XCConfigurationList;
			buildConfigurations = (
				8E1391251F687BB400A16458 /* Debug */,
				8E1391261F687BB400A16458 /* Release */,
			);
			defaultConfigurationIsVisible = 0;
			defaultConfigurationName = Release;
		};
/* End XCConfigurationList section */
	};
	rootObject = 8E13910A1F687BB400A16458 /* Project object */;
}
